{
  "name": "netlify-local-plugins",
  "version": "1.0.0",
  "lockfileVersion": 3,
  "requires": true,
  "packages": {
    "": {
      "name": "netlify-local-plugins",
      "version": "1.0.0",
      "license": "MIT",
      "dependencies": {
        "@netlify/plugin-nextjs": "5.14.7"
      }
    },
    "node_modules/@netlify/plugin-nextjs": {
      "version": "5.14.7",
      "resolved": "https://registry.npmjs.org/@netlify/plugin-nextjs/-/plugin-nextjs-5.14.7.tgz",
      "integrity": "sha512-RJRPGIlaY3M4KA6GxpOlynCPUKCVbtkHwg4ccHhoSVrHgysW3nqw1pX+FBvlBexrUl1JO2zuDFh4enRal9BpAw==",
      "license": "MIT",
      "engines": {
        "node": ">=18.0.0"
      }
    }
  }
}
