{
  "name": "client",
  "lockfileVersion": 3,
  "requires": true,
  "packages": {
    "": {
      "dependencies": {
        "@heroicons/react": "^2.2.0",
        "classnames": "^2.5.1",
        "tailwind-merge": "^3.3.1"
      }
    },
    "node_modules/@heroicons/react": {
      "version": "2.2.0",
      "resolved": "https://registry.npmjs.org/@heroicons/react/-/react-2.2.0.tgz",
      "integrity": "sha512-LMcepvRaS9LYHJGsF0zzmgKCUim/X3N/DQKc4jepAXJ7l8QxJ1PmxJzqplF2Z3FE4PqBAIGyJAQ/w4B5dsqbtQ==",
      "license": "MIT",
      "peerDependencies": {
        "react": ">= 16 || ^19.0.0-rc"
      }
    },
    "node_modules/classnames": {
      "version": "2.5.1",
      "resolved": "https://registry.npmjs.org/classnames/-/classnames-2.5.1.tgz",
      "integrity": "sha512-saHYOzhIQs6wy2sVxTM6bUDsQO4F50V9RQ22qBpEdCW+I+/Wmke2HOl6lS6dTpdxVhb88/I6+Hs+438c3lfUow==",
      "license": "MIT"
    },
    "node_modules/react": {
      "version": "19.2.0",
      "resolved": "https://registry.npmjs.org/react/-/react-19.2.0.tgz",
      "integrity": "sha512-tmbWg6W31tQLeB5cdIBOicJDJRR2KzXsV7uSK9iNfLWQ5bIZfxuPEHp7M8wiHyHnn0DD1i7w3Zmin0FtkrwoCQ==",
      "license": "MIT",
      "peer": true,
      "engines": {
        "node": ">=0.10.0"
      }
    },
    "node_modules/tailwind-merge": {
      "version": "3.3.1",
      "resolved": "https://registry.npmjs.org/tailwind-merge/-/tailwind-merge-3.3.1.tgz",
      "integrity": "sha512-gBXpgUm/3rp1lMZZrM/w7D8GKqshif0zAymAhbCyIt8KMe+0v9DQ7cdYLR4FHH/cKpdTXb+A/tKKU3eolfsI+g==",
      "license": "MIT",
      "funding": {
        "type": "github",
        "url": "https://github.com/sponsors/dcastil"
      }
    }
  }
}
